
Microsoft Visual Studio Solution File, Format Version 12.00
# Visual Studio 15
VisualStudioVersion = 15.0.27130.2036
MinimumVisualStudioVersion = 10.0.40219.1
Project("{FAE04EC0-301F-11D3-BF4B-00C04F79EFBC}") = "MonsterClasses", "MonsterClasses\MonsterClasses.csproj", "{45D4C201-5D0E-4D48-9165-ED0435058C7F}"
EndProject
Global
	GlobalSection(SolutionConfigurationPlatforms) = preSolution
		Debug|Any CPU = Debug|Any CPU
		Release|Any CPU = Release|Any CPU
	EndGlobalSection
	GlobalSection(ProjectConfigurationPlatforms) = postSolution
		{45D4C201-5D0E-4D48-9165-ED0435058C7F}.Debug|Any CPU.ActiveCfg = Debug|Any CPU
		{45D4C201-5D0E-4D48-9165-ED0435058C7F}.Debug|Any CPU.Build.0 = Debug|Any CPU
		{45D4C201-5D0E-4D48-9165-ED0435058C7F}.Release|Any CPU.ActiveCfg = Release|Any CPU
		{45D4C201-5D0E-4D48-9165-ED0435058C7F}.Release|Any CPU.Build.0 = Release|Any CPU
	EndGlobalSection
	GlobalSection(SolutionProperties) = preSolution
		HideSolutionNode = FALSE
	EndGlobalSection
	GlobalSection(ExtensibilityGlobals) = postSolution
		SolutionGuid = {32EE29B5-AB12-4750-BBE3-C67351DD4977}
	EndGlobalSection
EndGlobal
